
Microsoft Visual Studio Solution File, Format Version 12.00
# Visual Studio Version 17
VisualStudioVersion = 17.14.36127.28 d17.14
MinimumVisualStudioVersion = 10.0.40219.1
Project("{FAE04EC0-301F-11D3-BF4B-00C04F79EFBC}") = "AppDocumentManagement.EmployeeService", "AppDocumentManagement.EmployeeService\AppDocumentManagement.EmployeeService.csproj", "{6EA211DE-C957-4DB4-A98D-B1F46C35F1F9}"
EndProject
Global
	GlobalSection(SolutionConfigurationPlatforms) = preSolution
		Debug|Any CPU = Debug|Any CPU
		Release|Any CPU = Release|Any CPU
	EndGlobalSection
	GlobalSection(ProjectConfigurationPlatforms) = postSolution
		{6EA211DE-C957-4DB4-A98D-B1F46C35F1F9}.Debug|Any CPU.ActiveCfg = Debug|Any CPU
		{6EA211DE-C957-4DB4-A98D-B1F46C35F1F9}.Debug|Any CPU.Build.0 = Debug|Any CPU
		{6EA211DE-C957-4DB4-A98D-B1F46C35F1F9}.Release|Any CPU.ActiveCfg = Release|Any CPU
		{6EA211DE-C957-4DB4-A98D-B1F46C35F1F9}.Release|Any CPU.Build.0 = Release|Any CPU
	EndGlobalSection
	GlobalSection(SolutionProperties) = preSolution
		HideSolutionNode = FALSE
	EndGlobalSection
	GlobalSection(ExtensibilityGlobals) = postSolution
		SolutionGuid = {E0A084FA-C589-4006-83E5-DA1999A1859F}
	EndGlobalSection
EndGlobal
